{
  "name": "chatbot-for-kids-emotion",
  "lockfileVersion": 3,
  "requires": true,
  "packages": {
    "": {
      "dependencies": {
        "boring-avatars": "^1.10.1"
      }
    },
    "node_modules/boring-avatars": {
      "version": "1.10.1",
      "resolved": "https://registry.npmjs.org/boring-avatars/-/boring-avatars-1.10.1.tgz",
      "integrity": "sha512-WcgHDeLrazCR03CDPEvCchLsUecZAZvs4F6FnMiGlTEjyQQf15Q5TRl4EUaAQ1dacvhPq7lC9EOTWkCojQ6few=="
    }
  }
}
